// !$*UTF8*$!
{
	archiveVersion = 1;
	classes = {
	};
	objectVersion = 48;
	objects = {

/* Begin PBXBuildFile section */
		1013BCC81FD11FEB003F7DC4 /* AppDelegate.swift in Sources */ = {isa = PBXBuildFile; fileRef = 1013BCC71FD11FEB003F7DC4 /* AppDelegate.swift */; };
		1013BCCA1FD11FEB003F7DC4 /* ViewController.swift in Sources */ = {isa = PBXBuildFile; fileRef = 1013BCC91FD11FEB003F7DC4 /* ViewController.swift */; };
		1013BCCD1FD11FEB003F7DC4 /* Main.storyboard in Resources */ = {isa = PBXBuildFile; fileRef = 1013BCCB1FD11FEB003F7DC4 /* Main.storyboard */; };
		1013BCD01FD11FEB003F7DC4 /* beacon_finder.xcdatamodeld in Sources */ = {isa = PBXBuildFile; fileRef = 1013BCCE1FD11FEB003F7DC4 /* beacon_finder.xcdatamodeld */; };
		1013BCD21FD11FEB003F7DC4 /* Assets.xcassets in Resources */ = {isa = PBXBuildFile; fileRef = 1013BCD11FD11FEB003F7DC4 /* Assets.xcassets */; };
		1013BCD51FD11FEB003F7DC4 /* LaunchScreen.storyboard in Resources */ = {isa = PBXBuildFile; fileRef = 1013BCD31FD11FEB003F7DC4 /* LaunchScreen.storyboard */; };
		1013BCE01FD11FEB003F7DC4 /* beacon_finderTests.swift in Sources */ = {isa = PBXBuildFile; fileRef = 1013BCDF1FD11FEB003F7DC4 /* beacon_finderTests.swift */; };
		1013BCEB1FD11FEB003F7DC4 /* beacon_finderUITests.swift in Sources */ = {isa = PBXBuildFile; fileRef = 1013BCEA1FD11FEB003F7DC4 /* beacon_finderUITests.swift */; };
/* End PBXBuildFile section */

/* Begin PBXContainerItemProxy section */
		1013BCDC1FD11FEB003F7DC4 /* PBXContainerItemProxy */ = {
			isa = PBXContainerItemProxy;
			containerPortal = 1013BCBC1FD11FEB003F7DC4 /* Project object */;
			proxyType = 1;
			remoteGlobalIDString = 1013BCC31FD11FEB003F7DC4;
			remoteInfo = "beacon finder";
		};
		1013BCE71FD11FEB003F7DC4 /* PBXContainerItemProxy */ = {
			isa = PBXContainerItemProxy;
			containerPortal = 1013BCBC1FD11FEB003F7DC4 /* Project object */;
			proxyType = 1;
			remoteGlobalIDString = 1013BCC31FD11FEB003F7DC4;
			remoteInfo = "beacon finder";
		};
/* End PBXContainerItemProxy section */

/* Begin PBXFileReference section */
		1013BCC41FD11FEB003F7DC4 /* beacon finder.app */ = {isa = PBXFileReference; explicitFileType = wrapper.application; includeInIndex = 0; path = "beacon finder.app"; sourceTree = BUILT_PRODUCTS_DIR; };
		1013BCC71FD11FEB003F7DC4 /* AppDelegate.swift */ = {isa = PBXFileReference; lastKnownFileType = sourcecode.swift; path = AppDelegate.swift; sourceTree = "<group>"; };
		1013BCC91FD11FEB003F7DC4 /* ViewController.swift */ = {isa = PBXFileReference; lastKnownFileType = sourcecode.swift; path = ViewController.swift; sourceTree = "<group>"; };
		1013BCCC1FD11FEB003F7DC4 /* Base */ = {isa = PBXFileReference; lastKnownFileType = file.storyboard; name = Base; path = Base.lproj/Main.storyboard; sourceTree = "<group>"; };
		1013BCCF1FD11FEB003F7DC4 /* beacon_finder.xcdatamodel */ = {isa = PBXFileReference; lastKnownFileType = wrapper.xcdatamodel; path = beacon_finder.xcdatamodel; sourceTree = "<group>"; };
		1013BCD11FD11FEB003F7DC4 /* Assets.xcassets */ = {isa = PBXFileReference; lastKnownFileType = folder.assetcatalog; path = Assets.xcassets; sourceTree = "<group>"; };
		1013BCD41FD11FEB003F7DC4 /* Base */ = {isa = PBXFileReference; lastKnownFileType = file.storyboard; name = Base; path = Base.lproj/LaunchScreen.storyboard; sourceTree = "<group>"; };
		1013BCD61FD11FEB003F7DC4 /* Info.plist */ = {isa = PBXFileReference; lastKnownFileType = text.plist.xml; path = Info.plist; sourceTree = "<group>"; };
		1013BCDB1FD11FEB003F7DC4 /* beacon finderTests.xctest */ = {isa = PBXFileReference; explicitFileType = wrapper.cfbundle; includeInIndex = 0; path = "beacon finderTests.xctest"; sourceTree = BUILT_PRODUCTS_DIR; };
		1013BCDF1FD11FEB003F7DC4 /* beacon_finderTests.swift */ = {isa = PBXFileReference; lastKnownFileType = sourcecode.swift; path = beacon_finderTests.swift; sourceTree = "<group>"; };
		1013BCE11FD11FEB003F7DC4 /* Info.plist */ = {isa = PBXFileReference; lastKnownFileType = text.plist.xml; path = Info.plist; sourceTree = "<group>"; };
		1013BCE61FD11FEB003F7DC4 /* beacon finderUITests.xctest */ = {isa = PBXFileReference; explicitFileType = wrapper.cfbundle; includeInIndex = 0; path = "beacon finderUITests.xctest"; sourceTree = BUILT_PRODUCTS_DIR; };
		1013BCEA1FD11FEB003F7DC4 /* beacon_finderUITests.swift */ = {isa = PBXFileReference; lastKnownFileType = sourcecode.swift; path = beacon_finderUITests.swift; sourceTree = "<group>"; };
		1013BCEC1FD11FEB003F7DC4 /* Info.plist */ = {isa = PBXFileReference; lastKnownFileType = text.plist.xml; path = Info.plist; sourceTree = "<group>"; };
/* End PBXFileReference section */

/* Begin PBXFrameworksBuildPhase section */
		1013BCC11FD11FEB003F7DC4 /* Frameworks */ = {
			isa = PBXFrameworksBuildPhase;
			buildActionMask = 2147483647;
			files = (
			);
			runOnlyForDeploymentPostprocessing = 0;
		};
		1013BCD81FD11FEB003F7DC4 /* Frameworks */ = {
			isa = PBXFrameworksBuildPhase;
			buildActionMask = 2147483647;
			files = (
			);
			runOnlyForDeploymentPostprocessing = 0;
		};
		1013BCE31FD11FEB003F7DC4 /* Frameworks */ = {
			isa = PBXFrameworksBuildPhase;
			buildActionMask = 2147483647;
			files = (
			);
			runOnlyForDeploymentPostprocessing = 0;
		};
/* End PBXFrameworksBuildPhase section */

/* Begin PBXGroup section */
		1013BCBB1FD11FEB003F7DC4 = {
			isa = PBXGroup;
			children = (
				1013BCC61FD11FEB003F7DC4 /* beacon finder */,
				1013BCDE1FD11FEB003F7DC4 /* beacon finderTests */,
				1013BCE91FD11FEB003F7DC4 /* beacon finderUITests */,
				1013BCC51FD11FEB003F7DC4 /* Products */,
			);
			sourceTree = "<group>";
		};
		1013BCC51FD11FEB003F7DC4 /* Products */ = {
			isa = PBXGroup;
			children = (
				1013BCC41FD11FEB003F7DC4 /* beacon finder.app */,
				1013BCDB1FD11FEB003F7DC4 /* beacon finderTests.xctest */,
				1013BCE61FD11FEB003F7DC4 /* beacon finderUITests.xctest */,
			);
			name = Products;
			sourceTree = "<group>";
		};
		1013BCC61FD11FEB003F7DC4 /* beacon finder */ = {
			isa = PBXGroup;
			children = (
				1013BCC71FD11FEB003F7DC4 /* AppDelegate.swift */,
				1013BCC91FD11FEB003F7DC4 /* ViewController.swift */,
				1013BCCB1FD11FEB003F7DC4 /* Main.storyboard */,
				1013BCD11FD11FEB003F7DC4 /* Assets.xcassets */,
				1013BCD31FD11FEB003F7DC4 /* LaunchScreen.storyboard */,
				1013BCD61FD11FEB003F7DC4 /* Info.plist */,
				1013BCCE1FD11FEB003F7DC4 /* beacon_finder.xcdatamodeld */,
			);
			path = "beacon finder";
			sourceTree = "<group>";
		};
		1013BCDE1FD11FEB003F7DC4 /* beacon finderTests */ = {
			isa = PBXGroup;
			children = (
				1013BCDF1FD11FEB003F7DC4 /* beacon_finderTests.swift */,
				1013BCE11FD11FEB003F7DC4 /* Info.plist */,
			);
			path = "beacon finderTests";
			sourceTree = "<group>";
		};
		1013BCE91FD11FEB003F7DC4 /* beacon finderUITests */ = {
			isa = PBXGroup;
			children = (
				1013BCEA1FD11FEB003F7DC4 /* beacon_finderUITests.swift */,
				1013BCEC1FD11FEB003F7DC4 /* Info.plist */,
			);
			path = "beacon finderUITests";
			sourceTree = "<group>";
		};
/* End PBXGroup section */

/* Begin PBXNativeTarget section */
		1013BCC31FD11FEB003F7DC4 /* beacon finder */ = {
			isa = PBXNativeTarget;
			buildConfigurationList = 1013BCEF1FD11FEB003F7DC4 /* Build configuration list for PBXNativeTarget "beacon finder" */;
			buildPhases = (
				1013BCC01FD11FEB003F7DC4 /* Sources */,
				1013BCC11FD11FEB003F7DC4 /* Frameworks */,
				1013BCC21FD11FEB003F7DC4 /* Resources */,
			);
			buildRules = (
			);
			dependencies = (
			);
			name = "beacon finder";
			productName = "beacon finder";
			productReference = 1013BCC41FD11FEB003F7DC4 /* beacon finder.app */;
			productType = "com.apple.product-type.application";
		};
		1013BCDA1FD11FEB003F7DC4 /* beacon finderTests */ = {
			isa = PBXNativeTarget;
			buildConfigurationList = 1013BCF21FD11FEB003F7DC4 /* Build configuration list for PBXNativeTarget "beacon finderTests" */;
			buildPhases = (
				1013BCD71FD11FEB003F7DC4 /* Sources */,
				1013BCD81FD11FEB003F7DC4 /* Frameworks */,
				1013BCD91FD11FEB003F7DC4 /* Resources */,
			);
			buildRules = (
			);
			dependencies = (
				1013BCDD1FD11FEB003F7DC4 /* PBXTargetDependency */,
			);
			name = "beacon finderTests";
			productName = "beacon finderTests";
			productReference = 1013BCDB1FD11FEB003F7DC4 /* beacon finderTests.xctest */;
			productType = "com.apple.product-type.bundle.unit-test";
		};
		1013BCE51FD11FEB003F7DC4 /* beacon finderUITests */ = {
			isa = PBXNativeTarget;
			buildConfigurationList = 1013BCF51FD11FEB003F7DC4 /* Build configuration list for PBXNativeTarget "beacon finderUITests" */;
			buildPhases = (
				1013BCE21FD11FEB003F7DC4 /* Sources */,
				1013BCE31FD11FEB003F7DC4 /* Frameworks */,
				1013BCE41FD11FEB003F7DC4 /* Resources */,
			);
			buildRules = (
			);
			dependencies = (
				1013BCE81FD11FEB003F7DC4 /* PBXTargetDependency */,
			);
			name = "beacon finderUITests";
			productName = "beacon finderUITests";
			productReference = 1013BCE61FD11FEB003F7DC4 /* beacon finderUITests.xctest */;
			productType = "com.apple.product-type.bundle.ui-testing";
		};
/* End PBXNativeTarget section */

/* Begin PBXProject section */
		1013BCBC1FD11FEB003F7DC4 /* Project object */ = {
			isa = PBXProject;
			attributes = {
				LastSwiftUpdateCheck = 0910;
				LastUpgradeCheck = 0910;
				ORGANIZATIONNAME = AsiaQuest.inc;
				TargetAttributes = {
					1013BCC31FD11FEB003F7DC4 = {
						CreatedOnToolsVersion = 9.1;
						ProvisioningStyle = Automatic;
					};
					1013BCDA1FD11FEB003F7DC4 = {
						CreatedOnToolsVersion = 9.1;
						ProvisioningStyle = Automatic;
						TestTargetID = 1013BCC31FD11FEB003F7DC4;
					};
					1013BCE51FD11FEB003F7DC4 = {
						CreatedOnToolsVersion = 9.1;
						ProvisioningStyle = Automatic;
						TestTargetID = 1013BCC31FD11FEB003F7DC4;
					};
				};
			};
			buildConfigurationList = 1013BCBF1FD11FEB003F7DC4 /* Build configuration list for PBXProject "beacon finder" */;
			compatibilityVersion = "Xcode 8.0";
			developmentRegion = en;
			hasScannedForEncodings = 0;
			knownRegions = (
				en,
				Base,
			);
			mainGroup = 1013BCBB1FD11FEB003F7DC4;
			productRefGroup = 1013BCC51FD11FEB003F7DC4 /* Products */;
			projectDirPath = "";
			projectRoot = "";
			targets = (
				1013BCC31FD11FEB003F7DC4 /* beacon finder */,
				1013BCDA1FD11FEB003F7DC4 /* beacon finderTests */,
				1013BCE51FD11FEB003F7DC4 /* beacon finderUITests */,
			);
		};
/* End PBXProject section */

/* Begin PBXResourcesBuildPhase section */
		1013BCC21FD11FEB003F7DC4 /* Resources */ = {
			isa = PBXResourcesBuildPhase;
			buildActionMask = 2147483647;
			files = (
				1013BCD51FD11FEB003F7DC4 /* LaunchScreen.storyboard in Resources */,
				1013BCD21FD11FEB003F7DC4 /* Assets.xcassets in Resources */,
				1013BCCD1FD11FEB003F7DC4 /* Main.storyboard in Resources */,
			);
			runOnlyForDeploymentPostprocessing = 0;
		};
		1013BCD91FD11FEB003F7DC4 /* Resources */ = {
			isa = PBXResourcesBuildPhase;
			buildActionMask = 2147483647;
			files = (
			);
			runOnlyForDeploymentPostprocessing = 0;
		};
		1013BCE41FD11FEB003F7DC4 /* Resources */ = {
			isa = PBXResourcesBuildPhase;
			buildActionMask = 2147483647;
			files = (
			);
			runOnlyForDeploymentPostprocessing = 0;
		};
/* End PBXResourcesBuildPhase section */

/* Begin PBXSourcesBuildPhase section */
		1013BCC01FD11FEB003F7DC4 /* Sources */ = {
			isa = PBXSourcesBuildPhase;
			buildActionMask = 2147483647;
			files = (
				1013BCCA1FD11FEB003F7DC4 /* ViewController.swift in Sources */,
				1013BCC81FD11FEB003F7DC4 /* AppDelegate.swift in Sources */,
				1013BCD01FD11FEB003F7DC4 /* beacon_finder.xcdatamodeld in Sources */,
			);
			runOnlyForDeploymentPostprocessing = 0;
		};
		1013BCD71FD11FEB003F7DC4 /* Sources */ = {
			isa = PBXSourcesBuildPhase;
			buildActionMask = 2147483647;
			files = (
				1013BCE01FD11FEB003F7DC4 /* beacon_finderTests.swift in Sources */,
			);
			runOnlyForDeploymentPostprocessing = 0;
		};
		1013BCE21FD11FEB003F7DC4 /* Sources */ = {
			isa = PBXSourcesBuildPhase;
			buildActionMask = 2147483647;
			files = (
				1013BCEB1FD11FEB003F7DC4 /* beacon_finderUITests.swift in Sources */,
			);
			runOnlyForDeploymentPostprocessing = 0;
		};
/* End PBXSourcesBuildPhase section */

/* Begin PBXTargetDependency section */
		1013BCDD1FD11FEB003F7DC4 /* PBXTargetDependency */ = {
			isa = PBXTargetDependency;
			target = 1013BCC31FD11FEB003F7DC4 /* beacon finder */;
			targetProxy = 1013BCDC1FD11FEB003F7DC4 /* PBXContainerItemProxy */;
		};
		1013BCE81FD11FEB003F7DC4 /* PBXTargetDependency */ = {
			isa = PBXTargetDependency;
			target = 1013BCC31FD11FEB003F7DC4 /* beacon finder */;
			targetProxy = 1013BCE71FD11FEB003F7DC4 /* PBXContainerItemProxy */;
		};
/* End PBXTargetDependency section */

/* Begin PBXVariantGroup section */
		1013BCCB1FD11FEB003F7DC4 /* Main.storyboard */ = {
			isa = PBXVariantGroup;
			children = (
				1013BCCC1FD11FEB003F7DC4 /* Base */,
			);
			name = Main.storyboard;
			sourceTree = "<group>";
		};
		1013BCD31FD11FEB003F7DC4 /* LaunchScreen.storyboard */ = {
			isa = PBXVariantGroup;
			children = (
				1013BCD41FD11FEB003F7DC4 /* Base */,
			);
			name = LaunchScreen.storyboard;
			sourceTree = "<group>";
		};
/* End PBXVariantGroup section */

/* Begin XCBuildConfiguration section */
		1013BCED1FD11FEB003F7DC4 /* Debug */ = {
			isa = XCBuildConfiguration;
			buildSettings = {
				ALWAYS_SEARCH_USER_PATHS = NO;
				CLANG_ANALYZER_NONNULL = YES;
				CLANG_ANALYZER_NUMBER_OBJECT_CONVERSION = YES_AGGRESSIVE;
				CLANG_CXX_LANGUAGE_STANDARD = "gnu++14";
				CLANG_CXX_LIBRARY = "libc++";
				CLANG_ENABLE_MODULES = YES;
				CLANG_ENABLE_OBJC_ARC = YES;
				CLANG_WARN_BLOCK_CAPTURE_AUTORELEASING = YES;
				CLANG_WARN_BOOL_CONVERSION = YES;
				CLANG_WARN_COMMA = YES;
				CLANG_WARN_CONSTANT_CONVERSION = YES;
				CLANG_WARN_DIRECT_OBJC_ISA_USAGE = YES_ERROR;
				CLANG_WARN_DOCUMENTATION_COMMENTS = YES;
				CLANG_WARN_EMPTY_BODY = YES;
				CLANG_WARN_ENUM_CONVERSION = YES;
				CLANG_WARN_INFINITE_RECURSION = YES;
				CLANG_WARN_INT_CONVERSION = YES;
				CLANG_WARN_NON_LITERAL_NULL_CONVERSION = YES;
				CLANG_WARN_OBJC_LITERAL_CONVERSION = YES;
				CLANG_WARN_OBJC_ROOT_CLASS = YES_ERROR;
				CLANG_WARN_RANGE_LOOP_ANALYSIS = YES;
				CLANG_WARN_STRICT_PROTOTYPES = YES;
				CLANG_WARN_SUSPICIOUS_MOVE = YES;
				CLANG_WARN_UNGUARDED_AVAILABILITY = YES_AGGRESSIVE;
				CLANG_WARN_UNREACHABLE_CODE = YES;
				CLANG_WARN__DUPLICATE_METHOD_MATCH = YES;
				CODE_SIGN_IDENTITY = "iPhone Developer";
				COPY_PHASE_STRIP = NO;
				DEBUG_INFORMATION_FORMAT = dwarf;
				ENABLE_STRICT_OBJC_MSGSEND = YES;
				ENABLE_TESTABILITY = YES;
				GCC_C_LANGUAGE_STANDARD = gnu11;
				GCC_DYNAMIC_NO_PIC = NO;
				GCC_NO_COMMON_BLOCKS = YES;
				GCC_OPTIMIZATION_LEVEL = 0;
				GCC_PREPROCESSOR_DEFINITIONS = (
					"DEBUG=1",
					"$(inherited)",
				);
				GCC_WARN_64_TO_32_BIT_CONVERSION = YES;
				GCC_WARN_ABOUT_RETURN_TYPE = YES_ERROR;
				GCC_WARN_UNDECLARED_SELECTOR = YES;
				GCC_WARN_UNINITIALIZED_AUTOS = YES_AGGRESSIVE;
				GCC_WARN_UNUSED_FUNCTION = YES;
				GCC_WARN_UNUSED_VARIABLE = YES;
				IPHONEOS_DEPLOYMENT_TARGET = 11.1;
				MTL_ENABLE_DEBUG_INFO = YES;
				ONLY_ACTIVE_ARCH = YES;
				SDKROOT = iphoneos;
				SWIFT_ACTIVE_COMPILATION_CONDITIONS = DEBUG;
				SWIFT_OPTIMIZATION_LEVEL = "-Onone";
			};
			name = Debug;
		};
		1013BCEE1FD11FEB003F7DC4 /* Release */ = {
			isa = XCBuildConfiguration;
			buildSettings = {
				ALWAYS_SEARCH_USER_PATHS = NO;
				CLANG_ANALYZER_NONNULL = YES;
				CLANG_ANALYZER_NUMBER_OBJECT_CONVERSION = YES_AGGRESSIVE;
				CLANG_CXX_LANGUAGE_STANDARD = "gnu++14";
				CLANG_CXX_LIBRARY = "libc++";
				CLANG_ENABLE_MODULES = YES;
				CLANG_ENABLE_OBJC_ARC = YES;
				CLANG_WARN_BLOCK_CAPTURE_AUTORELEASING = YES;
				CLANG_WARN_BOOL_CONVERSION = YES;
				CLANG_WARN_COMMA = YES;
				CLANG_WARN_CONSTANT_CONVERSION = YES;
				CLANG_WARN_DIRECT_OBJC_ISA_USAGE = YES_ERROR;
				CLANG_WARN_DOCUMENTATION_COMMENTS = YES;
				CLANG_WARN_EMPTY_BODY = YES;
				CLANG_WARN_ENUM_CONVERSION = YES;
				CLANG_WARN_INFINITE_RECURSION = YES;
				CLANG_WARN_INT_CONVERSION = YES;
				CLANG_WARN_NON_LITERAL_NULL_CONVERSION = YES;
				CLANG_WARN_OBJC_LITERAL_CONVERSION = YES;
				CLANG_WARN_OBJC_ROOT_CLASS = YES_ERROR;
				CLANG_WARN_RANGE_LOOP_ANALYSIS = YES;
				CLANG_WARN_STRICT_PROTOTYPES = YES;
				CLANG_WARN_SUSPICIOUS_MOVE = YES;
				CLANG_WARN_UNGUARDED_AVAILABILITY = YES_AGGRESSIVE;
				CLANG_WARN_UNREACHABLE_CODE = YES;
				CLANG_WARN__DUPLICATE_METHOD_MATCH = YES;
				CODE_SIGN_IDENTITY = "iPhone Developer";
				COPY_PHASE_STRIP = NO;
				DEBUG_INFORMATION_FORMAT = "dwarf-with-dsym";
				ENABLE_NS_ASSERTIONS = NO;
				ENABLE_STRICT_OBJC_MSGSEND = YES;
				GCC_C_LANGUAGE_STANDARD = gnu11;
				GCC_NO_COMMON_BLOCKS = YES;
				GCC_WARN_64_TO_32_BIT_CONVERSION = YES;
				GCC_WARN_ABOUT_RETURN_TYPE = YES_ERROR;
				GCC_WARN_UNDECLARED_SELECTOR = YES;
				GCC_WARN_UNINITIALIZED_AUTOS = YES_AGGRESSIVE;
				GCC_WARN_UNUSED_FUNCTION = YES;
				GCC_WARN_UNUSED_VARIABLE = YES;
				IPHONEOS_DEPLOYMENT_TARGET = 11.1;
				MTL_ENABLE_DEBUG_INFO = NO;
				SDKROOT = iphoneos;
				SWIFT_OPTIMIZATION_LEVEL = "-Owholemodule";
				VALIDATE_PRODUCT = YES;
			};
			name = Release;
		};
		1013BCF01FD11FEB003F7DC4 /* Debug */ = {
			isa = XCBuildConfiguration;
			buildSettings = {
				ASSETCATALOG_COMPILER_APPICON_NAME = AppIcon;
				CODE_SIGN_STYLE = Automatic;
				DEVELOPMENT_TEAM = X22RE9WH2T;
				INFOPLIST_FILE = "beacon finder/Info.plist";
				IPHONEOS_DEPLOYMENT_TARGET = 10.0;
				LD_RUNPATH_SEARCH_PATHS = "$(inherited) @executable_path/Frameworks";
				PRODUCT_BUNDLE_IDENTIFIER = "inc.AsiaQuest.beacon-finder";
				PRODUCT_NAME = "$(TARGET_NAME)";
				SWIFT_VERSION = 4.0;
				TARGETED_DEVICE_FAMILY = "1,2";
			};
			name = Debug;
		};
		1013BCF11FD11FEB003F7DC4 /* Release */ = {
			isa = XCBuildConfiguration;
			buildSettings = {
				ASSETCATALOG_COMPILER_APPICON_NAME = AppIcon;
				CODE_SIGN_STYLE = Automatic;
				DEVELOPMENT_TEAM = X22RE9WH2T;
				INFOPLIST_FILE = "beacon finder/Info.plist";
				IPHONEOS_DEPLOYMENT_TARGET = 10.0;
				LD_RUNPATH_SEARCH_PATHS = "$(inherited) @executable_path/Frameworks";
				PRODUCT_BUNDLE_IDENTIFIER = "inc.AsiaQuest.beacon-finder";
				PRODUCT_NAME = "$(TARGET_NAME)";
				SWIFT_VERSION = 4.0;
				TARGETED_DEVICE_FAMILY = "1,2";
			};
			name = Release;
		};
		1013BCF31FD11FEB003F7DC4 /* Debug */ = {
			isa = XCBuildConfiguration;
			buildSettings = {
				ALWAYS_EMBED_SWIFT_STANDARD_LIBRARIES = YES;
				BUNDLE_LOADER = "$(TEST_HOST)";
				CODE_SIGN_STYLE = Automatic;
				DEVELOPMENT_TEAM = X22RE9WH2T;
				INFOPLIST_FILE = "beacon finderTests/Info.plist";
				LD_RUNPATH_SEARCH_PATHS = "$(inherited) @executable_path/Frameworks @loader_path/Frameworks";
				PRODUCT_BUNDLE_IDENTIFIER = "inc.AsiaQuest.beacon-finderTests";
				PRODUCT_NAME = "$(TARGET_NAME)";
				SWIFT_VERSION = 4.0;
				TARGETED_DEVICE_FAMILY = "1,2";
				TEST_HOST = "$(BUILT_PRODUCTS_DIR)/beacon finder.app/beacon finder";
			};
			name = Debug;
		};
		1013BCF41FD11FEB003F7DC4 /* Release */ = {
			isa = XCBuildConfiguration;
			buildSettings = {
				ALWAYS_EMBED_SWIFT_STANDARD_LIBRARIES = YES;
				BUNDLE_LOADER = "$(TEST_HOST)";
				CODE_SIGN_STYLE = Automatic;
				DEVELOPMENT_TEAM = X22RE9WH2T;
				INFOPLIST_FILE = "beacon finderTests/Info.plist";
				LD_RUNPATH_SEARCH_PATHS = "$(inherited) @executable_path/Frameworks @loader_path/Frameworks";
				PRODUCT_BUNDLE_IDENTIFIER = "inc.AsiaQuest.beacon-finderTests";
				PRODUCT_NAME = "$(TARGET_NAME)";
				SWIFT_VERSION = 4.0;
				TARGETED_DEVICE_FAMILY = "1,2";
				TEST_HOST = "$(BUILT_PRODUCTS_DIR)/beacon finder.app/beacon finder";
			};
			name = Release;
		};
		1013BCF61FD11FEB003F7DC4 /* Debug */ = {
			isa = XCBuildConfiguration;
			buildSettings = {
				ALWAYS_EMBED_SWIFT_STANDARD_LIBRARIES = YES;
				CODE_SIGN_STYLE = Automatic;
				DEVELOPMENT_TEAM = X22RE9WH2T;
				INFOPLIST_FILE = "beacon finderUITests/Info.plist";
				LD_RUNPATH_SEARCH_PATHS = "$(inherited) @executable_path/Frameworks @loader_path/Frameworks";
				PRODUCT_BUNDLE_IDENTIFIER = "inc.AsiaQuest.beacon-finderUITests";
				PRODUCT_NAME = "$(TARGET_NAME)";
				SWIFT_VERSION = 4.0;
				TARGETED_DEVICE_FAMILY = "1,2";
				TEST_TARGET_NAME = "beacon finder";
			};
			name = Debug;
		};
		1013BCF71FD11FEB003F7DC4 /* Release */ = {
			isa = XCBuildConfiguration;
			buildSettings = {
				ALWAYS_EMBED_SWIFT_STANDARD_LIBRARIES = YES;
				CODE_SIGN_STYLE = Automatic;
				DEVELOPMENT_TEAM = X22RE9WH2T;
				INFOPLIST_FILE = "beacon finderUITests/Info.plist";
				LD_RUNPATH_SEARCH_PATHS = "$(inherited) @executable_path/Frameworks @loader_path/Frameworks";
				PRODUCT_BUNDLE_IDENTIFIER = "inc.AsiaQuest.beacon-finderUITests";
				PRODUCT_NAME = "$(TARGET_NAME)";
				SWIFT_VERSION = 4.0;
				TARGETED_DEVICE_FAMILY = "1,2";
				TEST_TARGET_NAME = "beacon finder";
			};
			name = Release;
		};
/* End XCBuildConfiguration section */

/* Begin XCConfigurationList section */
		1013BCBF1FD11FEB003F7DC4 /* Build configuration list for PBXProject "beacon finder" */ = {
			isa = XCConfigurationList;
			buildConfigurations = (
				1013BCED1FD11FEB003F7DC4 /* Debug */,
				1013BCEE1FD11FEB003F7DC4 /* Release */,
			);
			defaultConfigurationIsVisible = 0;
			defaultConfigurationName = Release;
		};
		1013BCEF1FD11FEB003F7DC4 /* Build configuration list for PBXNativeTarget "beacon finder" */ = {
			isa = XCConfigurationList;
			buildConfigurations = (
				1013BCF01FD11FEB003F7DC4 /* Debug */,
				1013BCF11FD11FEB003F7DC4 /* Release */,
			);
			defaultConfigurationIsVisible = 0;
			defaultConfigurationName = Release;
		};
		1013BCF21FD11FEB003F7DC4 /* Build configuration list for PBXNativeTarget "beacon finderTests" */ = {
			isa = XCConfigurationList;
			buildConfigurations = (
				1013BCF31FD11FEB003F7DC4 /* Debug */,
				1013BCF41FD11FEB003F7DC4 /* Release */,
			);
			defaultConfigurationIsVisible = 0;
			defaultConfigurationName = Release;
		};
		1013BCF51FD11FEB003F7DC4 /* Build configuration list for PBXNativeTarget "beacon finderUITests" */ = {
			isa = XCConfigurationList;
			buildConfigurations = (
				1013BCF61FD11FEB003F7DC4 /* Debug */,
				1013BCF71FD11FEB003F7DC4 /* Release */,
			);
			defaultConfigurationIsVisible = 0;
			defaultConfigurationName = Release;
		};
/* End XCConfigurationList section */

/* Begin XCVersionGroup section */
		1013BCCE1FD11FEB003F7DC4 /* beacon_finder.xcdatamodeld */ = {
			isa = XCVersionGroup;
			children = (
				1013BCCF1FD11FEB003F7DC4 /* beacon_finder.xcdatamodel */,
			);
			currentVersion = 1013BCCF1FD11FEB003F7DC4 /* beacon_finder.xcdatamodel */;
			path = beacon_finder.xcdatamodeld;
			sourceTree = "<group>";
			versionGroupType = wrapper.xcdatamodel;
		};
/* End XCVersionGroup section */
	};
	rootObject = 1013BCBC1FD11FEB003F7DC4 /* Project object */;
}
